
Microsoft Visual Studio Solution File, Format Version 12.00
# Visual Studio Version 16
VisualStudioVersion = 16.0.29613.14
MinimumVisualStudioVersion = 10.0.40219.1
Project("{FAE04EC0-301F-11D3-BF4B-00C04F79EFBC}") = "MiddlewareExceptionLog", "MiddlewareExceptionLog\MiddlewareExceptionLog.csproj", "{CC367907-F4FC-47CC-BFB0-1E97480949AA}"
EndProject
Global
	GlobalSection(SolutionConfigurationPlatforms) = preSolution
		Debug|Any CPU = Debug|Any CPU
		Release|Any CPU = Release|Any CPU
	EndGlobalSection
	GlobalSection(ProjectConfigurationPlatforms) = postSolution
		{CC367907-F4FC-47CC-BFB0-1E97480949AA}.Debug|Any CPU.ActiveCfg = Debug|Any CPU
		{CC367907-F4FC-47CC-BFB0-1E97480949AA}.Debug|Any CPU.Build.0 = Debug|Any CPU
		{CC367907-F4FC-47CC-BFB0-1E97480949AA}.Release|Any CPU.ActiveCfg = Release|Any CPU
		{CC367907-F4FC-47CC-BFB0-1E97480949AA}.Release|Any CPU.Build.0 = Release|Any CPU
	EndGlobalSection
	GlobalSection(SolutionProperties) = preSolution
		HideSolutionNode = FALSE
	EndGlobalSection
	GlobalSection(ExtensibilityGlobals) = postSolution
		SolutionGuid = {CD3BA3CC-F35F-4595-A8B0-2FACA1783F79}
	EndGlobalSection
EndGlobal
