
Microsoft Visual Studio Solution File, Format Version 12.00
# Visual Studio Version 16
VisualStudioVersion = 16.0.29613.14
MinimumVisualStudioVersion = 10.0.40219.1
Project("{FAE04EC0-301F-11D3-BF4B-00C04F79EFBC}") = "DapperHomework", "DapperHomework\DapperHomework.csproj", "{762E531F-EDEB-4C8F-8143-87B13AB5C8B3}"
EndProject
Global
	GlobalSection(SolutionConfigurationPlatforms) = preSolution
		Debug|Any CPU = Debug|Any CPU
		Release|Any CPU = Release|Any CPU
	EndGlobalSection
	GlobalSection(ProjectConfigurationPlatforms) = postSolution
		{762E531F-EDEB-4C8F-8143-87B13AB5C8B3}.Debug|Any CPU.ActiveCfg = Debug|Any CPU
		{762E531F-EDEB-4C8F-8143-87B13AB5C8B3}.Debug|Any CPU.Build.0 = Debug|Any CPU
		{762E531F-EDEB-4C8F-8143-87B13AB5C8B3}.Release|Any CPU.ActiveCfg = Release|Any CPU
		{762E531F-EDEB-4C8F-8143-87B13AB5C8B3}.Release|Any CPU.Build.0 = Release|Any CPU
	EndGlobalSection
	GlobalSection(SolutionProperties) = preSolution
		HideSolutionNode = FALSE
	EndGlobalSection
	GlobalSection(ExtensibilityGlobals) = postSolution
		SolutionGuid = {D8F5F3B1-0DB4-4CE0-AF9E-31B88CB2D9DB}
	EndGlobalSection
EndGlobal
