
Microsoft Visual Studio Solution File, Format Version 12.00
# Visual Studio Version 16
VisualStudioVersion = 16.0.29613.14
MinimumVisualStudioVersion = 10.0.40219.1
Project("{FAE04EC0-301F-11D3-BF4B-00C04F79EFBC}") = "SingletonScopedTransient", "SingletonScopedTransient\SingletonScopedTransient.csproj", "{0EDED546-C956-4C9B-A4C0-30839E979076}"
EndProject
Global
	GlobalSection(SolutionConfigurationPlatforms) = preSolution
		Debug|Any CPU = Debug|Any CPU
		Release|Any CPU = Release|Any CPU
	EndGlobalSection
	GlobalSection(ProjectConfigurationPlatforms) = postSolution
		{0EDED546-C956-4C9B-A4C0-30839E979076}.Debug|Any CPU.ActiveCfg = Debug|Any CPU
		{0EDED546-C956-4C9B-A4C0-30839E979076}.Debug|Any CPU.Build.0 = Debug|Any CPU
		{0EDED546-C956-4C9B-A4C0-30839E979076}.Release|Any CPU.ActiveCfg = Release|Any CPU
		{0EDED546-C956-4C9B-A4C0-30839E979076}.Release|Any CPU.Build.0 = Release|Any CPU
	EndGlobalSection
	GlobalSection(SolutionProperties) = preSolution
		HideSolutionNode = FALSE
	EndGlobalSection
	GlobalSection(ExtensibilityGlobals) = postSolution
		SolutionGuid = {17D8D6F5-EEFF-418F-99A4-62D969543808}
	EndGlobalSection
EndGlobal
