
Microsoft Visual Studio Solution File, Format Version 12.00
# Visual Studio Version 16
VisualStudioVersion = 16.0.29613.14
MinimumVisualStudioVersion = 10.0.40219.1
Project("{FAE04EC0-301F-11D3-BF4B-00C04F79EFBC}") = "MiddlewareLog", "MiddlewareLog\MiddlewareLog.csproj", "{DBA7810E-7F10-4CCA-9FEA-F1BE8C35E63C}"
EndProject
Global
	GlobalSection(SolutionConfigurationPlatforms) = preSolution
		Debug|Any CPU = Debug|Any CPU
		Release|Any CPU = Release|Any CPU
	EndGlobalSection
	GlobalSection(ProjectConfigurationPlatforms) = postSolution
		{DBA7810E-7F10-4CCA-9FEA-F1BE8C35E63C}.Debug|Any CPU.ActiveCfg = Debug|Any CPU
		{DBA7810E-7F10-4CCA-9FEA-F1BE8C35E63C}.Debug|Any CPU.Build.0 = Debug|Any CPU
		{DBA7810E-7F10-4CCA-9FEA-F1BE8C35E63C}.Release|Any CPU.ActiveCfg = Release|Any CPU
		{DBA7810E-7F10-4CCA-9FEA-F1BE8C35E63C}.Release|Any CPU.Build.0 = Release|Any CPU
	EndGlobalSection
	GlobalSection(SolutionProperties) = preSolution
		HideSolutionNode = FALSE
	EndGlobalSection
	GlobalSection(ExtensibilityGlobals) = postSolution
		SolutionGuid = {C752042F-1AE8-4B13-8E58-12BB46ADB472}
	EndGlobalSection
EndGlobal
